// !$*UTF8*$!
{
	archiveVersion = 1;
	classes = {
	};
	objectVersion = 50;
	objects = {

/* Begin PBXBuildFile section */
		2A8605423E860293744396BE /* libPods-WeiBo.a in Frameworks */ = {isa = PBXBuildFile; fileRef = C99D53813063883737CB1875 /* libPods-WeiBo.a */; };
		2B405B4D261C39A4000D1CFD /* content in Resources */ = {isa = PBXBuildFile; fileRef = 2B405B4C261C39A4000D1CFD /* content */; };
		2B7068402608AB5000E4DB5E /* AppDelegate.m in Sources */ = {isa = PBXBuildFile; fileRef = 2B70683F2608AB5000E4DB5E /* AppDelegate.m */; };
		2B7068432608AB5000E4DB5E /* SceneDelegate.m in Sources */ = {isa = PBXBuildFile; fileRef = 2B7068422608AB5000E4DB5E /* SceneDelegate.m */; };
		2B7068462608AB5000E4DB5E /* ViewController.m in Sources */ = {isa = PBXBuildFile; fileRef = 2B7068452608AB5000E4DB5E /* ViewController.m */; };
		2B70684B2608AB5100E4DB5E /* Assets.xcassets in Resources */ = {isa = PBXBuildFile; fileRef = 2B70684A2608AB5100E4DB5E /* Assets.xcassets */; };
		2B70684E2608AB5100E4DB5E /* LaunchScreen.storyboard in Resources */ = {isa = PBXBuildFile; fileRef = 2B70684C2608AB5100E4DB5E /* LaunchScreen.storyboard */; };
		2B7068512608AB5100E4DB5E /* main.m in Sources */ = {isa = PBXBuildFile; fileRef = 2B7068502608AB5100E4DB5E /* main.m */; };
		2B7068632608C76400E4DB5E /* Main.storyboard in Resources */ = {isa = PBXBuildFile; fileRef = 2B7068472608AB5000E4DB5E /* Main.storyboard */; };
		2B7068752608CAEE00E4DB5E /* WBMainPageViewController.m in Sources */ = {isa = PBXBuildFile; fileRef = 2B7068742608CAEE00E4DB5E /* WBMainPageViewController.m */; };
		2B7068802608CE4500E4DB5E /* UIColor+Extension.m in Sources */ = {isa = PBXBuildFile; fileRef = 2B70687F2608CE4500E4DB5E /* UIColor+Extension.m */; };
		2B70688F2609C62600E4DB5E /* HMSegmentedControl.m in Sources */ = {isa = PBXBuildFile; fileRef = 2B70688E2609C62600E4DB5E /* HMSegmentedControl.m */; };
		2B7068932609E1BA00E4DB5E /* WBMainPageScrollView.m in Sources */ = {isa = PBXBuildFile; fileRef = 2B7068922609E1BA00E4DB5E /* WBMainPageScrollView.m */; };
		2B7068992609E6B400E4DB5E /* WBMainPageModel.m in Sources */ = {isa = PBXBuildFile; fileRef = 2B7068982609E6B400E4DB5E /* WBMainPageModel.m */; };
		2B70689E2609EEEB00E4DB5E /* WBMainPageTableViewCell.m in Sources */ = {isa = PBXBuildFile; fileRef = 2B70689D2609EEEB00E4DB5E /* WBMainPageTableViewCell.m */; };
/* End PBXBuildFile section */

/* Begin PBXFileReference section */
		2B405B4C261C39A4000D1CFD /* content */ = {isa = PBXFileReference; fileEncoding = 4; lastKnownFileType = text; path = content; sourceTree = "<group>"; };
		2B70683B2608AB5000E4DB5E /* WeiBo.app */ = {isa = PBXFileReference; explicitFileType = wrapper.application; includeInIndex = 0; path = WeiBo.app; sourceTree = BUILT_PRODUCTS_DIR; };
		2B70683E2608AB5000E4DB5E /* AppDelegate.h */ = {isa = PBXFileReference; lastKnownFileType = sourcecode.c.h; path = AppDelegate.h; sourceTree = "<group>"; };
		2B70683F2608AB5000E4DB5E /* AppDelegate.m */ = {isa = PBXFileReference; lastKnownFileType = sourcecode.c.objc; path = AppDelegate.m; sourceTree = "<group>"; };
		2B7068412608AB5000E4DB5E /* SceneDelegate.h */ = {isa = PBXFileReference; lastKnownFileType = sourcecode.c.h; path = SceneDelegate.h; sourceTree = "<group>"; };
		2B7068422608AB5000E4DB5E /* SceneDelegate.m */ = {isa = PBXFileReference; lastKnownFileType = sourcecode.c.objc; path = SceneDelegate.m; sourceTree = "<group>"; };
		2B7068442608AB5000E4DB5E /* ViewController.h */ = {isa = PBXFileReference; lastKnownFileType = sourcecode.c.h; path = ViewController.h; sourceTree = "<group>"; };
		2B7068452608AB5000E4DB5E /* ViewController.m */ = {isa = PBXFileReference; lastKnownFileType = sourcecode.c.objc; path = ViewController.m; sourceTree = "<group>"; };
		2B7068482608AB5000E4DB5E /* Base */ = {isa = PBXFileReference; lastKnownFileType = file.storyboard; name = Base; path = Base.lproj/Main.storyboard; sourceTree = "<group>"; };
		2B70684A2608AB5100E4DB5E /* Assets.xcassets */ = {isa = PBXFileReference; lastKnownFileType = folder.assetcatalog; path = Assets.xcassets; sourceTree = "<group>"; };
		2B70684D2608AB5100E4DB5E /* Base */ = {isa = PBXFileReference; lastKnownFileType = file.storyboard; name = Base; path = Base.lproj/LaunchScreen.storyboard; sourceTree = "<group>"; };
		2B70684F2608AB5100E4DB5E /* Info.plist */ = {isa = PBXFileReference; lastKnownFileType = text.plist.xml; path = Info.plist; sourceTree = "<group>"; };
		2B7068502608AB5100E4DB5E /* main.m */ = {isa = PBXFileReference; lastKnownFileType = sourcecode.c.objc; path = main.m; sourceTree = "<group>"; };
		2B7068732608CAEE00E4DB5E /* WBMainPageViewController.h */ = {isa = PBXFileReference; lastKnownFileType = sourcecode.c.h; path = WBMainPageViewController.h; sourceTree = "<group>"; };
		2B7068742608CAEE00E4DB5E /* WBMainPageViewController.m */ = {isa = PBXFileReference; lastKnownFileType = sourcecode.c.objc; path = WBMainPageViewController.m; sourceTree = "<group>"; };
		2B70687E2608CE4500E4DB5E /* UIColor+Extension.h */ = {isa = PBXFileReference; lastKnownFileType = sourcecode.c.h; path = "UIColor+Extension.h"; sourceTree = "<group>"; };
		2B70687F2608CE4500E4DB5E /* UIColor+Extension.m */ = {isa = PBXFileReference; lastKnownFileType = sourcecode.c.objc; path = "UIColor+Extension.m"; sourceTree = "<group>"; };
		2B70688D2609C62600E4DB5E /* HMSegmentedControl.h */ = {isa = PBXFileReference; lastKnownFileType = sourcecode.c.h; path = HMSegmentedControl.h; sourceTree = "<group>"; };
		2B70688E2609C62600E4DB5E /* HMSegmentedControl.m */ = {isa = PBXFileReference; lastKnownFileType = sourcecode.c.objc; path = HMSegmentedControl.m; sourceTree = "<group>"; };
		2B7068912609E1BA00E4DB5E /* WBMainPageScrollView.h */ = {isa = PBXFileReference; lastKnownFileType = sourcecode.c.h; path = WBMainPageScrollView.h; sourceTree = "<group>"; };
		2B7068922609E1BA00E4DB5E /* WBMainPageScrollView.m */ = {isa = PBXFileReference; lastKnownFileType = sourcecode.c.objc; path = WBMainPageScrollView.m; sourceTree = "<group>"; };
		2B7068972609E6B400E4DB5E /* WBMainPageModel.h */ = {isa = PBXFileReference; lastKnownFileType = sourcecode.c.h; path = WBMainPageModel.h; sourceTree = "<group>"; };
		2B7068982609E6B400E4DB5E /* WBMainPageModel.m */ = {isa = PBXFileReference; lastKnownFileType = sourcecode.c.objc; path = WBMainPageModel.m; sourceTree = "<group>"; };
		2B70689C2609EEEB00E4DB5E /* WBMainPageTableViewCell.h */ = {isa = PBXFileReference; lastKnownFileType = sourcecode.c.h; path = WBMainPageTableViewCell.h; sourceTree = "<group>"; };
		2B70689D2609EEEB00E4DB5E /* WBMainPageTableViewCell.m */ = {isa = PBXFileReference; lastKnownFileType = sourcecode.c.objc; path = WBMainPageTableViewCell.m; sourceTree = "<group>"; };
		9A6377C7CF283A00624ACEA7 /* Pods-WeiBo.release.xcconfig */ = {isa = PBXFileReference; includeInIndex = 1; lastKnownFileType = text.xcconfig; name = "Pods-WeiBo.release.xcconfig"; path = "Target Support Files/Pods-WeiBo/Pods-WeiBo.release.xcconfig"; sourceTree = "<group>"; };
		C99D53813063883737CB1875 /* libPods-WeiBo.a */ = {isa = PBXFileReference; explicitFileType = archive.ar; includeInIndex = 0; path = "libPods-WeiBo.a"; sourceTree = BUILT_PRODUCTS_DIR; };
		F395F844A7D48A960E56E927 /* Pods-WeiBo.debug.xcconfig */ = {isa = PBXFileReference; includeInIndex = 1; lastKnownFileType = text.xcconfig; name = "Pods-WeiBo.debug.xcconfig"; path = "Target Support Files/Pods-WeiBo/Pods-WeiBo.debug.xcconfig"; sourceTree = "<group>"; };
/* End PBXFileReference section */

/* Begin PBXFrameworksBuildPhase section */
		2B7068382608AB5000E4DB5E /* Frameworks */ = {
			isa = PBXFrameworksBuildPhase;
			buildActionMask = 2147483647;
			files = (
				2A8605423E860293744396BE /* libPods-WeiBo.a in Frameworks */,
			);
			runOnlyForDeploymentPostprocessing = 0;
		};
/* End PBXFrameworksBuildPhase section */

/* Begin PBXGroup section */
		27D17203B4A7BCE0799EA9C4 /* Pods */ = {
			isa = PBXGroup;
			children = (
				F395F844A7D48A960E56E927 /* Pods-WeiBo.debug.xcconfig */,
				9A6377C7CF283A00624ACEA7 /* Pods-WeiBo.release.xcconfig */,
			);
			path = Pods;
			sourceTree = "<group>";
		};
		2B405B3B261C386E000D1CFD /* Data */ = {
			isa = PBXGroup;
			children = (
				2B405B4C261C39A4000D1CFD /* content */,
			);
			path = Data;
			sourceTree = "<group>";
		};
		2B7068322608AB5000E4DB5E = {
			isa = PBXGroup;
			children = (
				2B70683D2608AB5000E4DB5E /* WeiBo */,
				2B70683C2608AB5000E4DB5E /* Products */,
				27D17203B4A7BCE0799EA9C4 /* Pods */,
				8794633116FCCCDB26C06063 /* Frameworks */,
			);
			sourceTree = "<group>";
		};
		2B70683C2608AB5000E4DB5E /* Products */ = {
			isa = PBXGroup;
			children = (
				2B70683B2608AB5000E4DB5E /* WeiBo.app */,
			);
			name = Products;
			sourceTree = "<group>";
		};
		2B70683D2608AB5000E4DB5E /* WeiBo */ = {
			isa = PBXGroup;
			children = (
				2B405B3B261C386E000D1CFD /* Data */,
				2B70688C2609C5EA00E4DB5E /* WBKit */,
				2B70687D2608CD8E00E4DB5E /* Extension */,
				2B7068712608CA9200E4DB5E /* WBMainPage */,
				2B70685B2608C41D00E4DB5E /* Controller */,
				2B7068592608C3E300E4DB5E /* SupportFile */,
			);
			path = WeiBo;
			sourceTree = "<group>";
		};
		2B7068592608C3E300E4DB5E /* SupportFile */ = {
			isa = PBXGroup;
			children = (
				2B70684F2608AB5100E4DB5E /* Info.plist */,
				2B70683E2608AB5000E4DB5E /* AppDelegate.h */,
				2B70683F2608AB5000E4DB5E /* AppDelegate.m */,
				2B7068412608AB5000E4DB5E /* SceneDelegate.h */,
				2B7068422608AB5000E4DB5E /* SceneDelegate.m */,
				2B7068472608AB5000E4DB5E /* Main.storyboard */,
				2B70684A2608AB5100E4DB5E /* Assets.xcassets */,
				2B70684C2608AB5100E4DB5E /* LaunchScreen.storyboard */,
				2B7068502608AB5100E4DB5E /* main.m */,
			);
			path = SupportFile;
			sourceTree = "<group>";
		};
		2B70685B2608C41D00E4DB5E /* Controller */ = {
			isa = PBXGroup;
			children = (
				2B7068442608AB5000E4DB5E /* ViewController.h */,
				2B7068452608AB5000E4DB5E /* ViewController.m */,
			);
			path = Controller;
			sourceTree = "<group>";
		};
		2B7068712608CA9200E4DB5E /* WBMainPage */ = {
			isa = PBXGroup;
			children = (
				2B7068962609E69E00E4DB5E /* Model */,
				2B7068772608CB1600E4DB5E /* View */,
				2B7068722608CAA400E4DB5E /* Controller */,
			);
			path = WBMainPage;
			sourceTree = "<group>";
		};
		2B7068722608CAA400E4DB5E /* Controller */ = {
			isa = PBXGroup;
			children = (
				2B7068732608CAEE00E4DB5E /* WBMainPageViewController.h */,
				2B7068742608CAEE00E4DB5E /* WBMainPageViewController.m */,
			);
			path = Controller;
			sourceTree = "<group>";
		};
		2B7068772608CB1600E4DB5E /* View */ = {
			isa = PBXGroup;
			children = (
				2B7068912609E1BA00E4DB5E /* WBMainPageScrollView.h */,
				2B7068922609E1BA00E4DB5E /* WBMainPageScrollView.m */,
				2B70689C2609EEEB00E4DB5E /* WBMainPageTableViewCell.h */,
				2B70689D2609EEEB00E4DB5E /* WBMainPageTableViewCell.m */,
			);
			path = View;
			sourceTree = "<group>";
		};
		2B70687D2608CD8E00E4DB5E /* Extension */ = {
			isa = PBXGroup;
			children = (
				2B70687E2608CE4500E4DB5E /* UIColor+Extension.h */,
				2B70687F2608CE4500E4DB5E /* UIColor+Extension.m */,
			);
			path = Extension;
			sourceTree = "<group>";
		};
		2B70688C2609C5EA00E4DB5E /* WBKit */ = {
			isa = PBXGroup;
			children = (
				2B70688D2609C62600E4DB5E /* HMSegmentedControl.h */,
				2B70688E2609C62600E4DB5E /* HMSegmentedControl.m */,
			);
			path = WBKit;
			sourceTree = "<group>";
		};
		2B7068962609E69E00E4DB5E /* Model */ = {
			isa = PBXGroup;
			children = (
				2B7068972609E6B400E4DB5E /* WBMainPageModel.h */,
				2B7068982609E6B400E4DB5E /* WBMainPageModel.m */,
			);
			path = Model;
			sourceTree = "<group>";
		};
		8794633116FCCCDB26C06063 /* Frameworks */ = {
			isa = PBXGroup;
			children = (
				C99D53813063883737CB1875 /* libPods-WeiBo.a */,
			);
			name = Frameworks;
			sourceTree = "<group>";
		};
/* End PBXGroup section */

/* Begin PBXNativeTarget section */
		2B70683A2608AB5000E4DB5E /* WeiBo */ = {
			isa = PBXNativeTarget;
			buildConfigurationList = 2B7068542608AB5100E4DB5E /* Build configuration list for PBXNativeTarget "WeiBo" */;
			buildPhases = (
				47F14C5BAE749A4D9EA1C0EF /* [CP] Check Pods Manifest.lock */,
				2B7068372608AB5000E4DB5E /* Sources */,
				2B7068382608AB5000E4DB5E /* Frameworks */,
				2B7068392608AB5000E4DB5E /* Resources */,
			);
			buildRules = (
			);
			dependencies = (
			);
			name = WeiBo;
			productName = WeiBo;
			productReference = 2B70683B2608AB5000E4DB5E /* WeiBo.app */;
			productType = "com.apple.product-type.application";
		};
/* End PBXNativeTarget section */

/* Begin PBXProject section */
		2B7068332608AB5000E4DB5E /* Project object */ = {
			isa = PBXProject;
			attributes = {
				LastUpgradeCheck = 1240;
				TargetAttributes = {
					2B70683A2608AB5000E4DB5E = {
						CreatedOnToolsVersion = 12.4;
					};
				};
			};
			buildConfigurationList = 2B7068362608AB5000E4DB5E /* Build configuration list for PBXProject "WeiBo" */;
			compatibilityVersion = "Xcode 9.3";
			developmentRegion = en;
			hasScannedForEncodings = 0;
			knownRegions = (
				en,
				Base,
			);
			mainGroup = 2B7068322608AB5000E4DB5E;
			productRefGroup = 2B70683C2608AB5000E4DB5E /* Products */;
			projectDirPath = "";
			projectRoot = "";
			targets = (
				2B70683A2608AB5000E4DB5E /* WeiBo */,
			);
		};
/* End PBXProject section */

/* Begin PBXResourcesBuildPhase section */
		2B7068392608AB5000E4DB5E /* Resources */ = {
			isa = PBXResourcesBuildPhase;
			buildActionMask = 2147483647;
			files = (
				2B7068632608C76400E4DB5E /* Main.storyboard in Resources */,
				2B70684E2608AB5100E4DB5E /* LaunchScreen.storyboard in Resources */,
				2B405B4D261C39A4000D1CFD /* content in Resources */,
				2B70684B2608AB5100E4DB5E /* Assets.xcassets in Resources */,
			);
			runOnlyForDeploymentPostprocessing = 0;
		};
/* End PBXResourcesBuildPhase section */

/* Begin PBXShellScriptBuildPhase section */
		47F14C5BAE749A4D9EA1C0EF /* [CP] Check Pods Manifest.lock */ = {
			isa = PBXShellScriptBuildPhase;
			buildActionMask = 2147483647;
			files = (
			);
			inputFileListPaths = (
			);
			inputPaths = (
				"${PODS_PODFILE_DIR_PATH}/Podfile.lock",
				"${PODS_ROOT}/Manifest.lock",
			);
			name = "[CP] Check Pods Manifest.lock";
			outputFileListPaths = (
			);
			outputPaths = (
				"$(DERIVED_FILE_DIR)/Pods-WeiBo-checkManifestLockResult.txt",
			);
			runOnlyForDeploymentPostprocessing = 0;
			shellPath = /bin/sh;
			shellScript = "diff \"${PODS_PODFILE_DIR_PATH}/Podfile.lock\" \"${PODS_ROOT}/Manifest.lock\" > /dev/null\nif [ $? != 0 ] ; then\n    # print error to STDERR\n    echo \"error: The sandbox is not in sync with the Podfile.lock. Run 'pod install' or update your CocoaPods installation.\" >&2\n    exit 1\nfi\n# This output is used by Xcode 'outputs' to avoid re-running this script phase.\necho \"SUCCESS\" > \"${SCRIPT_OUTPUT_FILE_0}\"\n";
			showEnvVarsInLog = 0;
		};
/* End PBXShellScriptBuildPhase section */

/* Begin PBXSourcesBuildPhase section */
		2B7068372608AB5000E4DB5E /* Sources */ = {
			isa = PBXSourcesBuildPhase;
			buildActionMask = 2147483647;
			files = (
				2B7068462608AB5000E4DB5E /* ViewController.m in Sources */,
				2B70689E2609EEEB00E4DB5E /* WBMainPageTableViewCell.m in Sources */,
				2B7068932609E1BA00E4DB5E /* WBMainPageScrollView.m in Sources */,
				2B70688F2609C62600E4DB5E /* HMSegmentedControl.m in Sources */,
				2B7068752608CAEE00E4DB5E /* WBMainPageViewController.m in Sources */,
				2B7068992609E6B400E4DB5E /* WBMainPageModel.m in Sources */,
				2B7068402608AB5000E4DB5E /* AppDelegate.m in Sources */,
				2B7068802608CE4500E4DB5E /* UIColor+Extension.m in Sources */,
				2B7068512608AB5100E4DB5E /* main.m in Sources */,
				2B7068432608AB5000E4DB5E /* SceneDelegate.m in Sources */,
			);
			runOnlyForDeploymentPostprocessing = 0;
		};
/* End PBXSourcesBuildPhase section */

/* Begin PBXVariantGroup section */
		2B7068472608AB5000E4DB5E /* Main.storyboard */ = {
			isa = PBXVariantGroup;
			children = (
				2B7068482608AB5000E4DB5E /* Base */,
			);
			name = Main.storyboard;
			sourceTree = "<group>";
		};
		2B70684C2608AB5100E4DB5E /* LaunchScreen.storyboard */ = {
			isa = PBXVariantGroup;
			children = (
				2B70684D2608AB5100E4DB5E /* Base */,
			);
			name = LaunchScreen.storyboard;
			sourceTree = "<group>";
		};
/* End PBXVariantGroup section */

/* Begin XCBuildConfiguration section */
		2B7068522608AB5100E4DB5E /* Debug */ = {
			isa = XCBuildConfiguration;
			buildSettings = {
				ALWAYS_SEARCH_USER_PATHS = NO;
				CLANG_ANALYZER_NONNULL = YES;
				CLANG_ANALYZER_NUMBER_OBJECT_CONVERSION = YES_AGGRESSIVE;
				CLANG_CXX_LANGUAGE_STANDARD = "gnu++14";
				CLANG_CXX_LIBRARY = "libc++";
				CLANG_ENABLE_MODULES = YES;
				CLANG_ENABLE_OBJC_ARC = YES;
				CLANG_ENABLE_OBJC_WEAK = YES;
				CLANG_WARN_BLOCK_CAPTURE_AUTORELEASING = YES;
				CLANG_WARN_BOOL_CONVERSION = YES;
				CLANG_WARN_COMMA = YES;
				CLANG_WARN_CONSTANT_CONVERSION = YES;
				CLANG_WARN_DEPRECATED_OBJC_IMPLEMENTATIONS = YES;
				CLANG_WARN_DIRECT_OBJC_ISA_USAGE = YES_ERROR;
				CLANG_WARN_DOCUMENTATION_COMMENTS = YES;
				CLANG_WARN_EMPTY_BODY = YES;
				CLANG_WARN_ENUM_CONVERSION = YES;
				CLANG_WARN_INFINITE_RECURSION = YES;
				CLANG_WARN_INT_CONVERSION = YES;
				CLANG_WARN_NON_LITERAL_NULL_CONVERSION = YES;
				CLANG_WARN_OBJC_IMPLICIT_RETAIN_SELF = YES;
				CLANG_WARN_OBJC_LITERAL_CONVERSION = YES;
				CLANG_WARN_OBJC_ROOT_CLASS = YES_ERROR;
				CLANG_WARN_QUOTED_INCLUDE_IN_FRAMEWORK_HEADER = YES;
				CLANG_WARN_RANGE_LOOP_ANALYSIS = YES;
				CLANG_WARN_STRICT_PROTOTYPES = YES;
				CLANG_WARN_SUSPICIOUS_MOVE = YES;
				CLANG_WARN_UNGUARDED_AVAILABILITY = YES_AGGRESSIVE;
				CLANG_WARN_UNREACHABLE_CODE = YES;
				CLANG_WARN__DUPLICATE_METHOD_MATCH = YES;
				COPY_PHASE_STRIP = NO;
				DEBUG_INFORMATION_FORMAT = dwarf;
				ENABLE_STRICT_OBJC_MSGSEND = YES;
				ENABLE_TESTABILITY = YES;
				GCC_C_LANGUAGE_STANDARD = gnu11;
				GCC_DYNAMIC_NO_PIC = NO;
				GCC_NO_COMMON_BLOCKS = YES;
				GCC_OPTIMIZATION_LEVEL = 0;
				GCC_PREPROCESSOR_DEFINITIONS = (
					"DEBUG=1",
					"$(inherited)",
				);
				GCC_WARN_64_TO_32_BIT_CONVERSION = YES;
				GCC_WARN_ABOUT_RETURN_TYPE = YES_ERROR;
				GCC_WARN_UNDECLARED_SELECTOR = YES;
				GCC_WARN_UNINITIALIZED_AUTOS = YES_AGGRESSIVE;
				GCC_WARN_UNUSED_FUNCTION = YES;
				GCC_WARN_UNUSED_VARIABLE = YES;
				IPHONEOS_DEPLOYMENT_TARGET = 14.4;
				MTL_ENABLE_DEBUG_INFO = INCLUDE_SOURCE;
				MTL_FAST_MATH = YES;
				ONLY_ACTIVE_ARCH = YES;
				SDKROOT = iphoneos;
			};
			name = Debug;
		};
		2B7068532608AB5100E4DB5E /* Release */ = {
			isa = XCBuildConfiguration;
			buildSettings = {
				ALWAYS_SEARCH_USER_PATHS = NO;
				CLANG_ANALYZER_NONNULL = YES;
				CLANG_ANALYZER_NUMBER_OBJECT_CONVERSION = YES_AGGRESSIVE;
				CLANG_CXX_LANGUAGE_STANDARD = "gnu++14";
				CLANG_CXX_LIBRARY = "libc++";
				CLANG_ENABLE_MODULES = YES;
				CLANG_ENABLE_OBJC_ARC = YES;
				CLANG_ENABLE_OBJC_WEAK = YES;
				CLANG_WARN_BLOCK_CAPTURE_AUTORELEASING = YES;
				CLANG_WARN_BOOL_CONVERSION = YES;
				CLANG_WARN_COMMA = YES;
				CLANG_WARN_CONSTANT_CONVERSION = YES;
				CLANG_WARN_DEPRECATED_OBJC_IMPLEMENTATIONS = YES;
				CLANG_WARN_DIRECT_OBJC_ISA_USAGE = YES_ERROR;
				CLANG_WARN_DOCUMENTATION_COMMENTS = YES;
				CLANG_WARN_EMPTY_BODY = YES;
				CLANG_WARN_ENUM_CONVERSION = YES;
				CLANG_WARN_INFINITE_RECURSION = YES;
				CLANG_WARN_INT_CONVERSION = YES;
				CLANG_WARN_NON_LITERAL_NULL_CONVERSION = YES;
				CLANG_WARN_OBJC_IMPLICIT_RETAIN_SELF = YES;
				CLANG_WARN_OBJC_LITERAL_CONVERSION = YES;
				CLANG_WARN_OBJC_ROOT_CLASS = YES_ERROR;
				CLANG_WARN_QUOTED_INCLUDE_IN_FRAMEWORK_HEADER = YES;
				CLANG_WARN_RANGE_LOOP_ANALYSIS = YES;
				CLANG_WARN_STRICT_PROTOTYPES = YES;
				CLANG_WARN_SUSPICIOUS_MOVE = YES;
				CLANG_WARN_UNGUARDED_AVAILABILITY = YES_AGGRESSIVE;
				CLANG_WARN_UNREACHABLE_CODE = YES;
				CLANG_WARN__DUPLICATE_METHOD_MATCH = YES;
				COPY_PHASE_STRIP = NO;
				DEBUG_INFORMATION_FORMAT = "dwarf-with-dsym";
				ENABLE_NS_ASSERTIONS = NO;
				ENABLE_STRICT_OBJC_MSGSEND = YES;
				GCC_C_LANGUAGE_STANDARD = gnu11;
				GCC_NO_COMMON_BLOCKS = YES;
				GCC_WARN_64_TO_32_BIT_CONVERSION = YES;
				GCC_WARN_ABOUT_RETURN_TYPE = YES_ERROR;
				GCC_WARN_UNDECLARED_SELECTOR = YES;
				GCC_WARN_UNINITIALIZED_AUTOS = YES_AGGRESSIVE;
				GCC_WARN_UNUSED_FUNCTION = YES;
				GCC_WARN_UNUSED_VARIABLE = YES;
				IPHONEOS_DEPLOYMENT_TARGET = 14.4;
				MTL_ENABLE_DEBUG_INFO = NO;
				MTL_FAST_MATH = YES;
				SDKROOT = iphoneos;
				VALIDATE_PRODUCT = YES;
			};
			name = Release;
		};
		2B7068552608AB5100E4DB5E /* Debug */ = {
			isa = XCBuildConfiguration;
			baseConfigurationReference = F395F844A7D48A960E56E927 /* Pods-WeiBo.debug.xcconfig */;
			buildSettings = {
				ASSETCATALOG_COMPILER_APPICON_NAME = AppIcon;
				ASSETCATALOG_COMPILER_GLOBAL_ACCENT_COLOR_NAME = AccentColor;
				CODE_SIGN_STYLE = Automatic;
				DEVELOPMENT_TEAM = DK9C899M7Q;
				INFOPLIST_FILE = WeiBo/SupportFile/Info.plist;
				LD_RUNPATH_SEARCH_PATHS = (
					"$(inherited)",
					"@executable_path/Frameworks",
				);
				PRODUCT_BUNDLE_IDENTIFIER = cn.ByteDance.WeiBo;
				PRODUCT_NAME = "$(TARGET_NAME)";
				TARGETED_DEVICE_FAMILY = "1,2";
			};
			name = Debug;
		};
		2B7068562608AB5100E4DB5E /* Release */ = {
			isa = XCBuildConfiguration;
			baseConfigurationReference = 9A6377C7CF283A00624ACEA7 /* Pods-WeiBo.release.xcconfig */;
			buildSettings = {
				ASSETCATALOG_COMPILER_APPICON_NAME = AppIcon;
				ASSETCATALOG_COMPILER_GLOBAL_ACCENT_COLOR_NAME = AccentColor;
				CODE_SIGN_STYLE = Automatic;
				DEVELOPMENT_TEAM = DK9C899M7Q;
				INFOPLIST_FILE = WeiBo/SupportFile/Info.plist;
				LD_RUNPATH_SEARCH_PATHS = (
					"$(inherited)",
					"@executable_path/Frameworks",
				);
				PRODUCT_BUNDLE_IDENTIFIER = cn.ByteDance.WeiBo;
				PRODUCT_NAME = "$(TARGET_NAME)";
				TARGETED_DEVICE_FAMILY = "1,2";
			};
			name = Release;
		};
/* End XCBuildConfiguration section */

/* Begin XCConfigurationList section */
		2B7068362608AB5000E4DB5E /* Build configuration list for PBXProject "WeiBo" */ = {
			isa = XCConfigurationList;
			buildConfigurations = (
				2B7068522608AB5100E4DB5E /* Debug */,
				2B7068532608AB5100E4DB5E /* Release */,
			);
			defaultConfigurationIsVisible = 0;
			defaultConfigurationName = Release;
		};
		2B7068542608AB5100E4DB5E /* Build configuration list for PBXNativeTarget "WeiBo" */ = {
			isa = XCConfigurationList;
			buildConfigurations = (
				2B7068552608AB5100E4DB5E /* Debug */,
				2B7068562608AB5100E4DB5E /* Release */,
			);
			defaultConfigurationIsVisible = 0;
			defaultConfigurationName = Release;
		};
/* End XCConfigurationList section */
	};
	rootObject = 2B7068332608AB5000E4DB5E /* Project object */;
}
